// !$*UTF8*$!
{
	archiveVersion = 1;
	classes = {
	};
	objectVersion = 50;
	objects = {

/* Begin PBXBuildFile section */
		8440E74125DF146F009204CE /* ExtentionCell.swift in Sources */ = {isa = PBXBuildFile; fileRef = 8440E73F25DF146F009204CE /* ExtentionCell.swift */; };
		8440E74225DF146F009204CE /* ExtentionCell.xib in Resources */ = {isa = PBXBuildFile; fileRef = 8440E74025DF146F009204CE /* ExtentionCell.xib */; };
		8440E74625DF226E009204CE /* TopStoryCell.swift in Sources */ = {isa = PBXBuildFile; fileRef = 8440E74425DF226E009204CE /* TopStoryCell.swift */; };
		8440E74725DF226E009204CE /* TopStoryCell.xib in Resources */ = {isa = PBXBuildFile; fileRef = 8440E74525DF226E009204CE /* TopStoryCell.xib */; };
		8440E75725DF319F009204CE /* LatestNewsCell.swift in Sources */ = {isa = PBXBuildFile; fileRef = 8440E75525DF319F009204CE /* LatestNewsCell.swift */; };
		8440E75825DF319F009204CE /* LatestNewsCell.xib in Resources */ = {isa = PBXBuildFile; fileRef = 8440E75625DF319F009204CE /* LatestNewsCell.xib */; };
		84426C4C25DEB27B0055227B /* Daily.storyboard in Resources */ = {isa = PBXBuildFile; fileRef = 84426C4B25DEB27B0055227B /* Daily.storyboard */; };
		84426C5025DEB31F0055227B /* DailyViewController.swift in Sources */ = {isa = PBXBuildFile; fileRef = 84426C4F25DEB31F0055227B /* DailyViewController.swift */; };
		84426C5725DEB8C40055227B /* Bookmarks.storyboard in Resources */ = {isa = PBXBuildFile; fileRef = 84426C5525DEB8C40055227B /* Bookmarks.storyboard */; };
		84426C5B25DEB95A0055227B /* BookmarksViewController.swift in Sources */ = {isa = PBXBuildFile; fileRef = 84426C5A25DEB95A0055227B /* BookmarksViewController.swift */; };
		84426C6125DEBABE0055227B /* Settings.storyboard in Resources */ = {isa = PBXBuildFile; fileRef = 84426C5F25DEBABE0055227B /* Settings.storyboard */; };
		84426C6425DEBAE90055227B /* SettingsViewController.swift in Sources */ = {isa = PBXBuildFile; fileRef = 84426C6325DEBAE90055227B /* SettingsViewController.swift */; };
		844B813B25E82AB1001B1572 /* NewsData.swift in Sources */ = {isa = PBXBuildFile; fileRef = 844B813725E82AB1001B1572 /* NewsData.swift */; };
		844B813C25E82AB1001B1572 /* Box.swift in Sources */ = {isa = PBXBuildFile; fileRef = 844B813825E82AB1001B1572 /* Box.swift */; };
		844B813D25E82AB1001B1572 /* Observable.swift in Sources */ = {isa = PBXBuildFile; fileRef = 844B813925E82AB1001B1572 /* Observable.swift */; };
		844B813E25E82AB1001B1572 /* NewsCellProtocol.swift in Sources */ = {isa = PBXBuildFile; fileRef = 844B813A25E82AB1001B1572 /* NewsCellProtocol.swift */; };
		844B814325E82AE8001B1572 /* CellProtocol.swift in Sources */ = {isa = PBXBuildFile; fileRef = 844B814125E82AE8001B1572 /* CellProtocol.swift */; };
		844B814425E82AE8001B1572 /* DailyViewModel.swift in Sources */ = {isa = PBXBuildFile; fileRef = 844B814225E82AE8001B1572 /* DailyViewModel.swift */; };
		844B814825E82B13001B1572 /* Repository.swift in Sources */ = {isa = PBXBuildFile; fileRef = 844B814725E82B13001B1572 /* Repository.swift */; };
		8459B63D25DD7EBD0062FA03 /* AppDelegate.swift in Sources */ = {isa = PBXBuildFile; fileRef = 8459B63C25DD7EBD0062FA03 /* AppDelegate.swift */; };
		8459B63F25DD7EBD0062FA03 /* SceneDelegate.swift in Sources */ = {isa = PBXBuildFile; fileRef = 8459B63E25DD7EBD0062FA03 /* SceneDelegate.swift */; };
		8459B64125DD7EBD0062FA03 /* ViewController.swift in Sources */ = {isa = PBXBuildFile; fileRef = 8459B64025DD7EBD0062FA03 /* ViewController.swift */; };
		8459B64425DD7EBD0062FA03 /* Main.storyboard in Resources */ = {isa = PBXBuildFile; fileRef = 8459B64225DD7EBD0062FA03 /* Main.storyboard */; };
		8459B64725DD7EBD0062FA03 /* NewsApp.xcdatamodeld in Sources */ = {isa = PBXBuildFile; fileRef = 8459B64525DD7EBD0062FA03 /* NewsApp.xcdatamodeld */; };
		8459B64925DD7EBF0062FA03 /* Assets.xcassets in Resources */ = {isa = PBXBuildFile; fileRef = 8459B64825DD7EBF0062FA03 /* Assets.xcassets */; };
		8459B64C25DD7EBF0062FA03 /* LaunchScreen.storyboard in Resources */ = {isa = PBXBuildFile; fileRef = 8459B64A25DD7EBF0062FA03 /* LaunchScreen.storyboard */; };
/* End PBXBuildFile section */

/* Begin PBXFileReference section */
		8440E73F25DF146F009204CE /* ExtentionCell.swift */ = {isa = PBXFileReference; lastKnownFileType = sourcecode.swift; path = ExtentionCell.swift; sourceTree = "<group>"; };
		8440E74025DF146F009204CE /* ExtentionCell.xib */ = {isa = PBXFileReference; lastKnownFileType = file.xib; path = ExtentionCell.xib; sourceTree = "<group>"; };
		8440E74425DF226E009204CE /* TopStoryCell.swift */ = {isa = PBXFileReference; lastKnownFileType = sourcecode.swift; path = TopStoryCell.swift; sourceTree = "<group>"; };
		8440E74525DF226E009204CE /* TopStoryCell.xib */ = {isa = PBXFileReference; lastKnownFileType = file.xib; path = TopStoryCell.xib; sourceTree = "<group>"; };
		8440E75525DF319F009204CE /* LatestNewsCell.swift */ = {isa = PBXFileReference; lastKnownFileType = sourcecode.swift; path = LatestNewsCell.swift; sourceTree = "<group>"; };
		8440E75625DF319F009204CE /* LatestNewsCell.xib */ = {isa = PBXFileReference; lastKnownFileType = file.xib; path = LatestNewsCell.xib; sourceTree = "<group>"; };
		84426C4B25DEB27B0055227B /* Daily.storyboard */ = {isa = PBXFileReference; fileEncoding = 4; lastKnownFileType = file.storyboard; path = Daily.storyboard; sourceTree = "<group>"; };
		84426C4F25DEB31F0055227B /* DailyViewController.swift */ = {isa = PBXFileReference; lastKnownFileType = sourcecode.swift; path = DailyViewController.swift; sourceTree = "<group>"; };
		84426C5625DEB8C40055227B /* Base */ = {isa = PBXFileReference; lastKnownFileType = file.storyboard; name = Base; path = NewsApp/Base.lproj/Bookmarks.storyboard; sourceTree = "<group>"; };
		84426C5A25DEB95A0055227B /* BookmarksViewController.swift */ = {isa = PBXFileReference; lastKnownFileType = sourcecode.swift; path = BookmarksViewController.swift; sourceTree = "<group>"; };
		84426C6025DEBABE0055227B /* Base */ = {isa = PBXFileReference; lastKnownFileType = file.storyboard; name = Base; path = NewsApp/Base.lproj/Settings.storyboard; sourceTree = "<group>"; };
		84426C6325DEBAE90055227B /* SettingsViewController.swift */ = {isa = PBXFileReference; lastKnownFileType = sourcecode.swift; path = SettingsViewController.swift; sourceTree = "<group>"; };
		844B813725E82AB1001B1572 /* NewsData.swift */ = {isa = PBXFileReference; fileEncoding = 4; lastKnownFileType = sourcecode.swift; path = NewsData.swift; sourceTree = "<group>"; };
		844B813825E82AB1001B1572 /* Box.swift */ = {isa = PBXFileReference; fileEncoding = 4; lastKnownFileType = sourcecode.swift; path = Box.swift; sourceTree = "<group>"; };
		844B813925E82AB1001B1572 /* Observable.swift */ = {isa = PBXFileReference; fileEncoding = 4; lastKnownFileType = sourcecode.swift; path = Observable.swift; sourceTree = "<group>"; };
		844B813A25E82AB1001B1572 /* NewsCellProtocol.swift */ = {isa = PBXFileReference; fileEncoding = 4; lastKnownFileType = sourcecode.swift; path = NewsCellProtocol.swift; sourceTree = "<group>"; };
		844B814125E82AE8001B1572 /* CellProtocol.swift */ = {isa = PBXFileReference; fileEncoding = 4; lastKnownFileType = sourcecode.swift; path = CellProtocol.swift; sourceTree = "<group>"; };
		844B814225E82AE8001B1572 /* DailyViewModel.swift */ = {isa = PBXFileReference; fileEncoding = 4; lastKnownFileType = sourcecode.swift; path = DailyViewModel.swift; sourceTree = "<group>"; };
		844B814725E82B13001B1572 /* Repository.swift */ = {isa = PBXFileReference; fileEncoding = 4; lastKnownFileType = sourcecode.swift; path = Repository.swift; sourceTree = "<group>"; };
		8459B63925DD7EBD0062FA03 /* NewsApp.app */ = {isa = PBXFileReference; explicitFileType = wrapper.application; includeInIndex = 0; path = NewsApp.app; sourceTree = BUILT_PRODUCTS_DIR; };
		8459B63C25DD7EBD0062FA03 /* AppDelegate.swift */ = {isa = PBXFileReference; lastKnownFileType = sourcecode.swift; path = AppDelegate.swift; sourceTree = "<group>"; };
		8459B63E25DD7EBD0062FA03 /* SceneDelegate.swift */ = {isa = PBXFileReference; lastKnownFileType = sourcecode.swift; path = SceneDelegate.swift; sourceTree = "<group>"; };
		8459B64025DD7EBD0062FA03 /* ViewController.swift */ = {isa = PBXFileReference; lastKnownFileType = sourcecode.swift; path = ViewController.swift; sourceTree = "<group>"; };
		8459B64325DD7EBD0062FA03 /* Base */ = {isa = PBXFileReference; lastKnownFileType = file.storyboard; name = Base; path = Base.lproj/Main.storyboard; sourceTree = "<group>"; };
		8459B64625DD7EBD0062FA03 /* NewsApp.xcdatamodel */ = {isa = PBXFileReference; lastKnownFileType = wrapper.xcdatamodel; path = NewsApp.xcdatamodel; sourceTree = "<group>"; };
		8459B64825DD7EBF0062FA03 /* Assets.xcassets */ = {isa = PBXFileReference; lastKnownFileType = folder.assetcatalog; path = Assets.xcassets; sourceTree = "<group>"; };
		8459B64B25DD7EBF0062FA03 /* Base */ = {isa = PBXFileReference; lastKnownFileType = file.storyboard; name = Base; path = Base.lproj/LaunchScreen.storyboard; sourceTree = "<group>"; };
		8459B64D25DD7EBF0062FA03 /* Info.plist */ = {isa = PBXFileReference; lastKnownFileType = text.plist.xml; path = Info.plist; sourceTree = "<group>"; };
/* End PBXFileReference section */

/* Begin PBXFrameworksBuildPhase section */
		8459B63625DD7EBD0062FA03 /* Frameworks */ = {
			isa = PBXFrameworksBuildPhase;
			buildActionMask = 2147483647;
			files = (
			);
			runOnlyForDeploymentPostprocessing = 0;
		};
/* End PBXFrameworksBuildPhase section */

/* Begin PBXGroup section */
		8440E73E25DF13C8009204CE /* Cells */ = {
			isa = PBXGroup;
			children = (
				8440E73F25DF146F009204CE /* ExtentionCell.swift */,
				8440E74025DF146F009204CE /* ExtentionCell.xib */,
				8440E74425DF226E009204CE /* TopStoryCell.swift */,
				8440E74525DF226E009204CE /* TopStoryCell.xib */,
				8440E75525DF319F009204CE /* LatestNewsCell.swift */,
				8440E75625DF319F009204CE /* LatestNewsCell.xib */,
			);
			path = Cells;
			sourceTree = "<group>";
		};
		84426C4E25DEB2FC0055227B /* Daily */ = {
			isa = PBXGroup;
			children = (
				844B814725E82B13001B1572 /* Repository.swift */,
				844B814025E82AE8001B1572 /* ViewModel */,
				8440E73E25DF13C8009204CE /* Cells */,
				84426C4B25DEB27B0055227B /* Daily.storyboard */,
				84426C4F25DEB31F0055227B /* DailyViewController.swift */,
			);
			path = Daily;
			sourceTree = "<group>";
		};
		84426C5325DEB86A0055227B /* Bookmarks */ = {
			isa = PBXGroup;
			children = (
				84426C5525DEB8C40055227B /* Bookmarks.storyboard */,
				84426C5A25DEB95A0055227B /* BookmarksViewController.swift */,
			);
			path = Bookmarks;
			sourceTree = "<group>";
		};
		84426C5D25DEBA910055227B /* Settings */ = {
			isa = PBXGroup;
			children = (
				84426C5F25DEBABE0055227B /* Settings.storyboard */,
				84426C6325DEBAE90055227B /* SettingsViewController.swift */,
			);
			path = Settings;
			sourceTree = "<group>";
		};
		844B813625E82AB1001B1572 /* Util */ = {
			isa = PBXGroup;
			children = (
				844B813725E82AB1001B1572 /* NewsData.swift */,
				844B813825E82AB1001B1572 /* Box.swift */,
				844B813925E82AB1001B1572 /* Observable.swift */,
				844B813A25E82AB1001B1572 /* NewsCellProtocol.swift */,
			);
			path = Util;
			sourceTree = "<group>";
		};
		844B814025E82AE8001B1572 /* ViewModel */ = {
			isa = PBXGroup;
			children = (
				844B814125E82AE8001B1572 /* CellProtocol.swift */,
				844B814225E82AE8001B1572 /* DailyViewModel.swift */,
			);
			path = ViewModel;
			sourceTree = "<group>";
		};
		8459B63025DD7EBD0062FA03 = {
			isa = PBXGroup;
			children = (
				8459B63B25DD7EBD0062FA03 /* NewsApp */,
				8459B63A25DD7EBD0062FA03 /* Products */,
			);
			sourceTree = "<group>";
		};
		8459B63A25DD7EBD0062FA03 /* Products */ = {
			isa = PBXGroup;
			children = (
				8459B63925DD7EBD0062FA03 /* NewsApp.app */,
			);
			name = Products;
			sourceTree = "<group>";
		};
		8459B63B25DD7EBD0062FA03 /* NewsApp */ = {
			isa = PBXGroup;
			children = (
				844B813625E82AB1001B1572 /* Util */,
				84426C5D25DEBA910055227B /* Settings */,
				84426C5325DEB86A0055227B /* Bookmarks */,
				84426C4E25DEB2FC0055227B /* Daily */,
				8459B63C25DD7EBD0062FA03 /* AppDelegate.swift */,
				8459B63E25DD7EBD0062FA03 /* SceneDelegate.swift */,
				8459B64025DD7EBD0062FA03 /* ViewController.swift */,
				8459B64225DD7EBD0062FA03 /* Main.storyboard */,
				8459B64825DD7EBF0062FA03 /* Assets.xcassets */,
				8459B64A25DD7EBF0062FA03 /* LaunchScreen.storyboard */,
				8459B64D25DD7EBF0062FA03 /* Info.plist */,
				8459B64525DD7EBD0062FA03 /* NewsApp.xcdatamodeld */,
			);
			path = NewsApp;
			sourceTree = "<group>";
		};
/* End PBXGroup section */

/* Begin PBXNativeTarget section */
		8459B63825DD7EBD0062FA03 /* NewsApp */ = {
			isa = PBXNativeTarget;
			buildConfigurationList = 8459B65025DD7EBF0062FA03 /* Build configuration list for PBXNativeTarget "NewsApp" */;
			buildPhases = (
				8459B63525DD7EBD0062FA03 /* Sources */,
				8459B63625DD7EBD0062FA03 /* Frameworks */,
				8459B63725DD7EBD0062FA03 /* Resources */,
				8459B65425DD83CF0062FA03 /* ShellScript */,
			);
			buildRules = (
			);
			dependencies = (
			);
			name = NewsApp;
			productName = NewsApp;
			productReference = 8459B63925DD7EBD0062FA03 /* NewsApp.app */;
			productType = "com.apple.product-type.application";
		};
/* End PBXNativeTarget section */

/* Begin PBXProject section */
		8459B63125DD7EBD0062FA03 /* Project object */ = {
			isa = PBXProject;
			attributes = {
				LastSwiftUpdateCheck = 1240;
				LastUpgradeCheck = 1240;
				TargetAttributes = {
					8459B63825DD7EBD0062FA03 = {
						CreatedOnToolsVersion = 12.4;
					};
				};
			};
			buildConfigurationList = 8459B63425DD7EBD0062FA03 /* Build configuration list for PBXProject "NewsApp" */;
			compatibilityVersion = "Xcode 9.3";
			developmentRegion = en;
			hasScannedForEncodings = 0;
			knownRegions = (
				en,
				Base,
			);
			mainGroup = 8459B63025DD7EBD0062FA03;
			productRefGroup = 8459B63A25DD7EBD0062FA03 /* Products */;
			projectDirPath = "";
			projectRoot = "";
			targets = (
				8459B63825DD7EBD0062FA03 /* NewsApp */,
			);
		};
/* End PBXProject section */

/* Begin PBXResourcesBuildPhase section */
		8459B63725DD7EBD0062FA03 /* Resources */ = {
			isa = PBXResourcesBuildPhase;
			buildActionMask = 2147483647;
			files = (
				8440E75825DF319F009204CE /* LatestNewsCell.xib in Resources */,
				8440E74225DF146F009204CE /* ExtentionCell.xib in Resources */,
				8459B64C25DD7EBF0062FA03 /* LaunchScreen.storyboard in Resources */,
				8459B64925DD7EBF0062FA03 /* Assets.xcassets in Resources */,
				84426C4C25DEB27B0055227B /* Daily.storyboard in Resources */,
				84426C6125DEBABE0055227B /* Settings.storyboard in Resources */,
				8440E74725DF226E009204CE /* TopStoryCell.xib in Resources */,
				8459B64425DD7EBD0062FA03 /* Main.storyboard in Resources */,
				84426C5725DEB8C40055227B /* Bookmarks.storyboard in Resources */,
			);
			runOnlyForDeploymentPostprocessing = 0;
		};
/* End PBXResourcesBuildPhase section */

/* Begin PBXShellScriptBuildPhase section */
		8459B65425DD83CF0062FA03 /* ShellScript */ = {
			isa = PBXShellScriptBuildPhase;
			buildActionMask = 2147483647;
			files = (
			);
			inputFileListPaths = (
			);
			inputPaths = (
			);
			outputFileListPaths = (
			);
			outputPaths = (
			);
			runOnlyForDeploymentPostprocessing = 0;
			shellPath = /bin/sh;
			shellScript = "if which swiftlint >/dev/null; then\n  swiftlint\nelse\n  echo \"error: SwiftLint does not exist, download it from https://github.com/realm/SwiftLint\"\n  exit 1\nfi\n";
		};
/* End PBXShellScriptBuildPhase section */

/* Begin PBXSourcesBuildPhase section */
		8459B63525DD7EBD0062FA03 /* Sources */ = {
			isa = PBXSourcesBuildPhase;
			buildActionMask = 2147483647;
			files = (
				844B813D25E82AB1001B1572 /* Observable.swift in Sources */,
				84426C5B25DEB95A0055227B /* BookmarksViewController.swift in Sources */,
				8440E75725DF319F009204CE /* LatestNewsCell.swift in Sources */,
				8459B64125DD7EBD0062FA03 /* ViewController.swift in Sources */,
				844B814325E82AE8001B1572 /* CellProtocol.swift in Sources */,
				8440E74625DF226E009204CE /* TopStoryCell.swift in Sources */,
				84426C6425DEBAE90055227B /* SettingsViewController.swift in Sources */,
				8459B63D25DD7EBD0062FA03 /* AppDelegate.swift in Sources */,
				844B813B25E82AB1001B1572 /* NewsData.swift in Sources */,
				844B813E25E82AB1001B1572 /* NewsCellProtocol.swift in Sources */,
				8459B64725DD7EBD0062FA03 /* NewsApp.xcdatamodeld in Sources */,
				8440E74125DF146F009204CE /* ExtentionCell.swift in Sources */,
				844B814825E82B13001B1572 /* Repository.swift in Sources */,
				844B813C25E82AB1001B1572 /* Box.swift in Sources */,
				8459B63F25DD7EBD0062FA03 /* SceneDelegate.swift in Sources */,
				844B814425E82AE8001B1572 /* DailyViewModel.swift in Sources */,
				84426C5025DEB31F0055227B /* DailyViewController.swift in Sources */,
			);
			runOnlyForDeploymentPostprocessing = 0;
		};
/* End PBXSourcesBuildPhase section */

/* Begin PBXVariantGroup section */
		84426C5525DEB8C40055227B /* Bookmarks.storyboard */ = {
			isa = PBXVariantGroup;
			children = (
				84426C5625DEB8C40055227B /* Base */,
			);
			name = Bookmarks.storyboard;
			sourceTree = "<group>";
		};
		84426C5F25DEBABE0055227B /* Settings.storyboard */ = {
			isa = PBXVariantGroup;
			children = (
				84426C6025DEBABE0055227B /* Base */,
			);
			name = Settings.storyboard;
			sourceTree = "<group>";
		};
		8459B64225DD7EBD0062FA03 /* Main.storyboard */ = {
			isa = PBXVariantGroup;
			children = (
				8459B64325DD7EBD0062FA03 /* Base */,
			);
			name = Main.storyboard;
			sourceTree = "<group>";
		};
		8459B64A25DD7EBF0062FA03 /* LaunchScreen.storyboard */ = {
			isa = PBXVariantGroup;
			children = (
				8459B64B25DD7EBF0062FA03 /* Base */,
			);
			name = LaunchScreen.storyboard;
			sourceTree = "<group>";
		};
/* End PBXVariantGroup section */

/* Begin XCBuildConfiguration section */
		8459B64E25DD7EBF0062FA03 /* Debug */ = {
			isa = XCBuildConfiguration;
			buildSettings = {
				ALWAYS_SEARCH_USER_PATHS = NO;
				CLANG_ANALYZER_NONNULL = YES;
				CLANG_ANALYZER_NUMBER_OBJECT_CONVERSION = YES_AGGRESSIVE;
				CLANG_CXX_LANGUAGE_STANDARD = "gnu++14";
				CLANG_CXX_LIBRARY = "libc++";
				CLANG_ENABLE_MODULES = YES;
				CLANG_ENABLE_OBJC_ARC = YES;
				CLANG_ENABLE_OBJC_WEAK = YES;
				CLANG_WARN_BLOCK_CAPTURE_AUTORELEASING = YES;
				CLANG_WARN_BOOL_CONVERSION = YES;
				CLANG_WARN_COMMA = YES;
				CLANG_WARN_CONSTANT_CONVERSION = YES;
				CLANG_WARN_DEPRECATED_OBJC_IMPLEMENTATIONS = YES;
				CLANG_WARN_DIRECT_OBJC_ISA_USAGE = YES_ERROR;
				CLANG_WARN_DOCUMENTATION_COMMENTS = YES;
				CLANG_WARN_EMPTY_BODY = YES;
				CLANG_WARN_ENUM_CONVERSION = YES;
				CLANG_WARN_INFINITE_RECURSION = YES;
				CLANG_WARN_INT_CONVERSION = YES;
				CLANG_WARN_NON_LITERAL_NULL_CONVERSION = YES;
				CLANG_WARN_OBJC_IMPLICIT_RETAIN_SELF = YES;
				CLANG_WARN_OBJC_LITERAL_CONVERSION = YES;
				CLANG_WARN_OBJC_ROOT_CLASS = YES_ERROR;
				CLANG_WARN_QUOTED_INCLUDE_IN_FRAMEWORK_HEADER = YES;
				CLANG_WARN_RANGE_LOOP_ANALYSIS = YES;
				CLANG_WARN_STRICT_PROTOTYPES = YES;
				CLANG_WARN_SUSPICIOUS_MOVE = YES;
				CLANG_WARN_UNGUARDED_AVAILABILITY = YES_AGGRESSIVE;
				CLANG_WARN_UNREACHABLE_CODE = YES;
				CLANG_WARN__DUPLICATE_METHOD_MATCH = YES;
				COPY_PHASE_STRIP = NO;
				DEBUG_INFORMATION_FORMAT = dwarf;
				ENABLE_STRICT_OBJC_MSGSEND = YES;
				ENABLE_TESTABILITY = YES;
				GCC_C_LANGUAGE_STANDARD = gnu11;
				GCC_DYNAMIC_NO_PIC = NO;
				GCC_NO_COMMON_BLOCKS = YES;
				GCC_OPTIMIZATION_LEVEL = 0;
				GCC_PREPROCESSOR_DEFINITIONS = (
					"DEBUG=1",
					"$(inherited)",
				);
				GCC_WARN_64_TO_32_BIT_CONVERSION = YES;
				GCC_WARN_ABOUT_RETURN_TYPE = YES_ERROR;
				GCC_WARN_UNDECLARED_SELECTOR = YES;
				GCC_WARN_UNINITIALIZED_AUTOS = YES_AGGRESSIVE;
				GCC_WARN_UNUSED_FUNCTION = YES;
				GCC_WARN_UNUSED_VARIABLE = YES;
				IPHONEOS_DEPLOYMENT_TARGET = 14.4;
				MTL_ENABLE_DEBUG_INFO = INCLUDE_SOURCE;
				MTL_FAST_MATH = YES;
				ONLY_ACTIVE_ARCH = YES;
				SDKROOT = iphoneos;
				SWIFT_ACTIVE_COMPILATION_CONDITIONS = DEBUG;
				SWIFT_OPTIMIZATION_LEVEL = "-Onone";
			};
			name = Debug;
		};
		8459B64F25DD7EBF0062FA03 /* Release */ = {
			isa = XCBuildConfiguration;
			buildSettings = {
				ALWAYS_SEARCH_USER_PATHS = NO;
				CLANG_ANALYZER_NONNULL = YES;
				CLANG_ANALYZER_NUMBER_OBJECT_CONVERSION = YES_AGGRESSIVE;
				CLANG_CXX_LANGUAGE_STANDARD = "gnu++14";
				CLANG_CXX_LIBRARY = "libc++";
				CLANG_ENABLE_MODULES = YES;
				CLANG_ENABLE_OBJC_ARC = YES;
				CLANG_ENABLE_OBJC_WEAK = YES;
				CLANG_WARN_BLOCK_CAPTURE_AUTORELEASING = YES;
				CLANG_WARN_BOOL_CONVERSION = YES;
				CLANG_WARN_COMMA = YES;
				CLANG_WARN_CONSTANT_CONVERSION = YES;
				CLANG_WARN_DEPRECATED_OBJC_IMPLEMENTATIONS = YES;
				CLANG_WARN_DIRECT_OBJC_ISA_USAGE = YES_ERROR;
				CLANG_WARN_DOCUMENTATION_COMMENTS = YES;
				CLANG_WARN_EMPTY_BODY = YES;
				CLANG_WARN_ENUM_CONVERSION = YES;
				CLANG_WARN_INFINITE_RECURSION = YES;
				CLANG_WARN_INT_CONVERSION = YES;
				CLANG_WARN_NON_LITERAL_NULL_CONVERSION = YES;
				CLANG_WARN_OBJC_IMPLICIT_RETAIN_SELF = YES;
				CLANG_WARN_OBJC_LITERAL_CONVERSION = YES;
				CLANG_WARN_OBJC_ROOT_CLASS = YES_ERROR;
				CLANG_WARN_QUOTED_INCLUDE_IN_FRAMEWORK_HEADER = YES;
				CLANG_WARN_RANGE_LOOP_ANALYSIS = YES;
				CLANG_WARN_STRICT_PROTOTYPES = YES;
				CLANG_WARN_SUSPICIOUS_MOVE = YES;
				CLANG_WARN_UNGUARDED_AVAILABILITY = YES_AGGRESSIVE;
				CLANG_WARN_UNREACHABLE_CODE = YES;
				CLANG_WARN__DUPLICATE_METHOD_MATCH = YES;
				COPY_PHASE_STRIP = NO;
				DEBUG_INFORMATION_FORMAT = "dwarf-with-dsym";
				ENABLE_NS_ASSERTIONS = NO;
				ENABLE_STRICT_OBJC_MSGSEND = YES;
				GCC_C_LANGUAGE_STANDARD = gnu11;
				GCC_NO_COMMON_BLOCKS = YES;
				GCC_WARN_64_TO_32_BIT_CONVERSION = YES;
				GCC_WARN_ABOUT_RETURN_TYPE = YES_ERROR;
				GCC_WARN_UNDECLARED_SELECTOR = YES;
				GCC_WARN_UNINITIALIZED_AUTOS = YES_AGGRESSIVE;
				GCC_WARN_UNUSED_FUNCTION = YES;
				GCC_WARN_UNUSED_VARIABLE = YES;
				IPHONEOS_DEPLOYMENT_TARGET = 14.4;
				MTL_ENABLE_DEBUG_INFO = NO;
				MTL_FAST_MATH = YES;
				SDKROOT = iphoneos;
				SWIFT_COMPILATION_MODE = wholemodule;
				SWIFT_OPTIMIZATION_LEVEL = "-O";
				VALIDATE_PRODUCT = YES;
			};
			name = Release;
		};
		8459B65125DD7EBF0062FA03 /* Debug */ = {
			isa = XCBuildConfiguration;
			buildSettings = {
				ASSETCATALOG_COMPILER_APPICON_NAME = AppIcon;
				ASSETCATALOG_COMPILER_GLOBAL_ACCENT_COLOR_NAME = AccentColor;
				CODE_SIGN_STYLE = Automatic;
				INFOPLIST_FILE = NewsApp/Info.plist;
				LD_RUNPATH_SEARCH_PATHS = (
					"$(inherited)",
					"@executable_path/Frameworks",
				);
				PRODUCT_BUNDLE_IDENTIFIER = orion.NewsApp;
				PRODUCT_NAME = "$(TARGET_NAME)";
				SWIFT_VERSION = 5.0;
				TARGETED_DEVICE_FAMILY = "1,2";
			};
			name = Debug;
		};
		8459B65225DD7EBF0062FA03 /* Release */ = {
			isa = XCBuildConfiguration;
			buildSettings = {
				ASSETCATALOG_COMPILER_APPICON_NAME = AppIcon;
				ASSETCATALOG_COMPILER_GLOBAL_ACCENT_COLOR_NAME = AccentColor;
				CODE_SIGN_STYLE = Automatic;
				INFOPLIST_FILE = NewsApp/Info.plist;
				LD_RUNPATH_SEARCH_PATHS = (
					"$(inherited)",
					"@executable_path/Frameworks",
				);
				PRODUCT_BUNDLE_IDENTIFIER = orion.NewsApp;
				PRODUCT_NAME = "$(TARGET_NAME)";
				SWIFT_VERSION = 5.0;
				TARGETED_DEVICE_FAMILY = "1,2";
			};
			name = Release;
		};
/* End XCBuildConfiguration section */

/* Begin XCConfigurationList section */
		8459B63425DD7EBD0062FA03 /* Build configuration list for PBXProject "NewsApp" */ = {
			isa = XCConfigurationList;
			buildConfigurations = (
				8459B64E25DD7EBF0062FA03 /* Debug */,
				8459B64F25DD7EBF0062FA03 /* Release */,
			);
			defaultConfigurationIsVisible = 0;
			defaultConfigurationName = Release;
		};
		8459B65025DD7EBF0062FA03 /* Build configuration list for PBXNativeTarget "NewsApp" */ = {
			isa = XCConfigurationList;
			buildConfigurations = (
				8459B65125DD7EBF0062FA03 /* Debug */,
				8459B65225DD7EBF0062FA03 /* Release */,
			);
			defaultConfigurationIsVisible = 0;
			defaultConfigurationName = Release;
		};
/* End XCConfigurationList section */

/* Begin XCVersionGroup section */
		8459B64525DD7EBD0062FA03 /* NewsApp.xcdatamodeld */ = {
			isa = XCVersionGroup;
			children = (
				8459B64625DD7EBD0062FA03 /* NewsApp.xcdatamodel */,
			);
			currentVersion = 8459B64625DD7EBD0062FA03 /* NewsApp.xcdatamodel */;
			path = NewsApp.xcdatamodeld;
			sourceTree = "<group>";
			versionGroupType = wrapper.xcdatamodel;
		};
/* End XCVersionGroup section */
	};
	rootObject = 8459B63125DD7EBD0062FA03 /* Project object */;
}
